
Microsoft Visual Studio Solution File, Format Version 12.00
# Visual Studio Version 16
VisualStudioVersion = 16.0.29411.108
MinimumVisualStudioVersion = 10.0.40219.1
Project("{FAE04EC0-301F-11D3-BF4B-00C04F79EFBC}") = "電卓", "電卓\電卓.csproj", "{5FBDA780-F518-4FCA-B89A-4B3102D11A53}"
EndProject
Global
	GlobalSection(SolutionConfigurationPlatforms) = preSolution
		Debug|Any CPU = Debug|Any CPU
		Release|Any CPU = Release|Any CPU
	EndGlobalSection
	GlobalSection(ProjectConfigurationPlatforms) = postSolution
		{5FBDA780-F518-4FCA-B89A-4B3102D11A53}.Debug|Any CPU.ActiveCfg = Debug|Any CPU
		{5FBDA780-F518-4FCA-B89A-4B3102D11A53}.Debug|Any CPU.Build.0 = Debug|Any CPU
		{5FBDA780-F518-4FCA-B89A-4B3102D11A53}.Release|Any CPU.ActiveCfg = Release|Any CPU
		{5FBDA780-F518-4FCA-B89A-4B3102D11A53}.Release|Any CPU.Build.0 = Release|Any CPU
	EndGlobalSection
	GlobalSection(SolutionProperties) = preSolution
		HideSolutionNode = FALSE
	EndGlobalSection
	GlobalSection(ExtensibilityGlobals) = postSolution
		SolutionGuid = {9501E9ED-3A34-4488-B699-C6EB14D4FAC5}
	EndGlobalSection
EndGlobal
